
Microsoft Visual Studio Solution File, Format Version 12.00
Project("{FAE04EC0-301F-11D3-BF4B-00C04F79EFBC}") = "AsconTestTask.UI.WPF", "AsconTestTask.UI.WPF\AsconTestTask.UI.WPF.csproj", "{0038CA66-9BAC-49E5-ABCB-31EC14386417}"
EndProject
Global
	GlobalSection(SolutionConfigurationPlatforms) = preSolution
		Debug|Any CPU = Debug|Any CPU
		Release|Any CPU = Release|Any CPU
	EndGlobalSection
	GlobalSection(ProjectConfigurationPlatforms) = postSolution
		{0038CA66-9BAC-49E5-ABCB-31EC14386417}.Debug|Any CPU.ActiveCfg = Debug|Any CPU
		{0038CA66-9BAC-49E5-ABCB-31EC14386417}.Debug|Any CPU.Build.0 = Debug|Any CPU
		{0038CA66-9BAC-49E5-ABCB-31EC14386417}.Release|Any CPU.ActiveCfg = Release|Any CPU
		{0038CA66-9BAC-49E5-ABCB-31EC14386417}.Release|Any CPU.Build.0 = Release|Any CPU
	EndGlobalSection
EndGlobal
